
Microsoft Visual Studio Solution File, Format Version 12.00
# Visual Studio Version 16
VisualStudioVersion = 16.0.29001.49
MinimumVisualStudioVersion = 10.0.40219.1
Project("{FAE04EC0-301F-11D3-BF4B-00C04F79EFBC}") = "BasicForm", "BasicForm\BasicForm.csproj", "{3C9AF923-821B-4408-A57D-709F3983F48F}"
EndProject
Global
	GlobalSection(SolutionConfigurationPlatforms) = preSolution
		Debug|Any CPU = Debug|Any CPU
		Release|Any CPU = Release|Any CPU
	EndGlobalSection
	GlobalSection(ProjectConfigurationPlatforms) = postSolution
		{3C9AF923-821B-4408-A57D-709F3983F48F}.Debug|Any CPU.ActiveCfg = Debug|Any CPU
		{3C9AF923-821B-4408-A57D-709F3983F48F}.Debug|Any CPU.Build.0 = Debug|Any CPU
		{3C9AF923-821B-4408-A57D-709F3983F48F}.Release|Any CPU.ActiveCfg = Release|Any CPU
		{3C9AF923-821B-4408-A57D-709F3983F48F}.Release|Any CPU.Build.0 = Release|Any CPU
	EndGlobalSection
	GlobalSection(SolutionProperties) = preSolution
		HideSolutionNode = FALSE
	EndGlobalSection
	GlobalSection(ExtensibilityGlobals) = postSolution
		SolutionGuid = {8E2C7175-21FB-43ED-A179-57FA0315F24C}
	EndGlobalSection
EndGlobal
